github.com/florianl/go-nflog v1.1.0 h1:7ujkntClswr/TpVbCPLEJOiMzJiRSl2vmBH/ByGA7gA=
github.com/florianl/go-nflog v1.1.0/go.mod h1:ZIVMgm8TkUDJFvDFoaVqlGgGsEYKfSedN5EPIZomtEI=
github.com/google/gopacket v1.1.16 h1:u6Afvia5C5srlLcbTwpHaFW918asLYPxieziOaWwz8M=
github.com/google/gopacket v1.1.16/go.mod h1:UCLx9mCmAwsVbn6qQl1WIEt2SO7Nd2fD0th1TBAsqBw=
github.com/mdlayher/netlink v0.0.0-20181210160939-e069752bc835 h1:WpZONc7LNdfPrld0YIt2aOiy9T66FfRCqZDrsDkWJX0=
github.com/mdlayher/netlink v0.0.0-20181210160939-e069752bc835/go.mod h1:a3TlQHkJH2m32RF224Z7LhD5N4mpyR8eUbCoYHywrwg=
golang.org/x/net v0.0.0-20181207154023-610586996380 h1:zPQexyRtNYBc7bcHmehl1dH6TB3qn8zytv8cBGLDNY0=
golang.org/x/net v0.0.0-20181207154023-610586996380/go.mod h1:mL1N/T3taQHkDXs73rZJwtUhF3w3ftmwwsq0BUmARs4=
golang.org/x/sys v0.0.0-20181210030007-2a47403f2ae5 h1:SlFRMb9PEnqzqnBRCynVOhxv4vHjB2lnIoxK6p5nzFM=
golang.org/x/sys v0.0.0-20181210030007-2a47403f2ae5/go.mod h1:STP8DvDyc/dI5b8T5hshtkjS+E42TnysNCUPdjciGhY=
