github.com/florianl/go-conntrack v0.0.0-20190429101121-fb09150ed07b h1:70szY4XIV3Txth4VOkjK5dJP8aDkqFk0DVKXdhZeAKU=
github.com/florianl/go-conntrack v0.0.0-20190429101121-fb09150ed07b/go.mod h1:bVjd6LQuEVqwX8Mw3sMv22v569+H/3TQWW6itTFrBh8=
github.com/florianl/go-nflog v0.0.0-20190401084518-8393abb58fd4 h1:5/JwrpdIDlN02WLI2tXoxQC89WNUuIKtrBiXjQLSkN8=
github.com/florianl/go-nflog v0.0.0-20190401084518-8393abb58fd4/go.mod h1:F0bpPphpbGBVmycNnkDFlHFpNY420laFpP0j1VL271I=
github.com/google/go-cmp v0.2.0 h1:+dTQ8DZQJz0Mb/HjFlkptS1FeQ4cWSnN941F8aEG4SQ=
github.com/google/go-cmp v0.2.0/go.mod h1:oXzfMopK8JAjlY9xF4vHSVASa0yLyX7SntLO5aqRK0M=
github.com/google/go-cmp v0.3.1 h1:Xye71clBPdm5HgqGwUkwhbynsUJZhDbS20FvLhQ2izg=
github.com/google/go-cmp v0.3.1/go.mod h1:8QqcDgzrUqlUb/G2PQTWiueGozuR1884gddMywk6iLU=
github.com/google/gopacket v1.1.17 h1:rMrlX2ZY2UbvT+sdz3+6J+pp2z+msCq9MxTU6ymxbBY=
github.com/google/gopacket v1.1.17/go.mod h1:UdDNZ1OO62aGYVnPhxT1U6aI7ukYtA/kB8vaU0diBUM=
github.com/mdlayher/netlink v0.0.0-20190313131330-258ea9dff42c/go.mod h1:eQB3mZE4aiYnlUsyGGCOpPETfdQq4Jhsgf1fk3cwQaA=
github.com/mdlayher/netlink v0.0.0-20190411141321-3cae06de9d30 h1:PTuC871eMyykb2rns5n21nJvbIQJ7c1HKd0jHd+CgnA=
github.com/mdlayher/netlink v0.0.0-20190411141321-3cae06de9d30/go.mod h1:t19erlH/I/040715SD0/ktZi33scgSEuOlp57AIFe/c=
github.com/x-way/pktdump v0.0.1 h1:8Wi9pVNWD3yJ05kGfcu8ZcaRXVM/uvmLqQZoCYtapQo=
github.com/x-way/pktdump v0.0.1/go.mod h1:b/qdAmn2Me9St19KgbNJ8K7EaK7W1oSCqp8rvb6OVKc=
golang.org/x/crypto v0.0.0-20190308221718-c2843e01d9a2/go.mod h1:djNgcEr1/C05ACkg1iLfiJU5Ep61QUkGW8qpdssI0+w=
golang.org/x/net v0.0.0-20190311183353-d8887717615a/go.mod h1:t9HGtf8HONx5eT2rtn7q6eTqICYqUVnKs3thJo3Qplg=
golang.org/x/net v0.0.0-20190404232315-eb5bcb51f2a3 h1:0GoQqolDA55aaLxZyTzK/Y2ePZzZTUrRacwib7cNsYQ=
golang.org/x/net v0.0.0-20190404232315-eb5bcb51f2a3/go.mod h1:t9HGtf8HONx5eT2rtn7q6eTqICYqUVnKs3thJo3Qplg=
golang.org/x/sys v0.0.0-20190215142949-d0b11bdaac8a/go.mod h1:STP8DvDyc/dI5b8T5hshtkjS+E42TnysNCUPdjciGhY=
golang.org/x/sys v0.0.0-20190312061237-fead79001313/go.mod h1:h1NjWce9XRLGQEsW7wpKNCjG9DtNlClVuFLEZdDNbEs=
golang.org/x/sys v0.0.0-20190405154228-4b34438f7a67/go.mod h1:h1NjWce9XRLGQEsW7wpKNCjG9DtNlClVuFLEZdDNbEs=
golang.org/x/sys v0.0.0-20190410235845-0ad05ae3009d/go.mod h1:h1NjWce9XRLGQEsW7wpKNCjG9DtNlClVuFLEZdDNbEs=
golang.org/x/sys v0.0.0-20190415081028-16da32be82c5 h1:UMbOtg4ZL2GyTAolLE9QfNvzskWvFkI935Z98i9moXA=
golang.org/x/sys v0.0.0-20190415081028-16da32be82c5/go.mod h1:h1NjWce9XRLGQEsW7wpKNCjG9DtNlClVuFLEZdDNbEs=
golang.org/x/sys v0.0.0-20200103143344-a1369afcdac7 h1:/W9OPMnnpmFXHYkcp2rQsbFUbRlRzfECQjmAFiOyHE8=
golang.org/x/sys v0.0.0-20200103143344-a1369afcdac7/go.mod h1:h1NjWce9XRLGQEsW7wpKNCjG9DtNlClVuFLEZdDNbEs=
golang.org/x/text v0.3.0/go.mod h1:NqM8EUOU14njkJ3fqMW+pc6Ldnwhi/IjpwHt7yyuwOQ=
